
Microsoft Visual Studio Solution File, Format Version 12.00
# Visual Studio Version 17
VisualStudioVersion = 17.13.35806.99 d17.13
MinimumVisualStudioVersion = 10.0.40219.1
Project("{FAE04EC0-301F-11D3-BF4B-00C04F79EFBC}") = "ControleClientes", "ControleClientes\ControleClientes.csproj", "{38086CA4-EDD3-4299-AD9A-20EC9569E58A}"
EndProject
Global
	GlobalSection(SolutionConfigurationPlatforms) = preSolution
		Debug|Any CPU = Debug|Any CPU
		Release|Any CPU = Release|Any CPU
	EndGlobalSection
	GlobalSection(ProjectConfigurationPlatforms) = postSolution
		{38086CA4-EDD3-4299-AD9A-20EC9569E58A}.Debug|Any CPU.ActiveCfg = Debug|Any CPU
		{38086CA4-EDD3-4299-AD9A-20EC9569E58A}.Debug|Any CPU.Build.0 = Debug|Any CPU
		{38086CA4-EDD3-4299-AD9A-20EC9569E58A}.Release|Any CPU.ActiveCfg = Release|Any CPU
		{38086CA4-EDD3-4299-AD9A-20EC9569E58A}.Release|Any CPU.Build.0 = Release|Any CPU
	EndGlobalSection
	GlobalSection(SolutionProperties) = preSolution
		HideSolutionNode = FALSE
	EndGlobalSection
	GlobalSection(ExtensibilityGlobals) = postSolution
		SolutionGuid = {7530B14F-491C-43F4-AD27-7A6FD3375228}
	EndGlobalSection
EndGlobal
